// !$*UTF8*$!
{
	archiveVersion = 1;
	classes = {
	};
	objectVersion = 50;
	objects = {

/* Begin PBXBuildFile section */
		AB7E5D1C2519F61F001C943C /* AppDelegate.swift in Sources */ = {isa = PBXBuildFile; fileRef = AB7E5D1B2519F61F001C943C /* AppDelegate.swift */; };
		AB7E5D1E2519F61F001C943C /* SceneDelegate.swift in Sources */ = {isa = PBXBuildFile; fileRef = AB7E5D1D2519F61F001C943C /* SceneDelegate.swift */; };
		AB7E5D202519F61F001C943C /* ViewController.swift in Sources */ = {isa = PBXBuildFile; fileRef = AB7E5D1F2519F61F001C943C /* ViewController.swift */; };
		AB7E5D232519F61F001C943C /* Main.storyboard in Resources */ = {isa = PBXBuildFile; fileRef = AB7E5D212519F61F001C943C /* Main.storyboard */; };
		AB7E5D252519F624001C943C /* Assets.xcassets in Resources */ = {isa = PBXBuildFile; fileRef = AB7E5D242519F624001C943C /* Assets.xcassets */; };
		AB7E5D282519F624001C943C /* LaunchScreen.storyboard in Resources */ = {isa = PBXBuildFile; fileRef = AB7E5D262519F624001C943C /* LaunchScreen.storyboard */; };
		AB7E5D302519F6C8001C943C /* original.plist in Resources */ = {isa = PBXBuildFile; fileRef = AB7E5D2F2519F6C8001C943C /* original.plist */; };
		AB7E5D322519F6CD001C943C /* new.plist in Resources */ = {isa = PBXBuildFile; fileRef = AB7E5D312519F6CD001C943C /* new.plist */; };
/* End PBXBuildFile section */

/* Begin PBXFileReference section */
		AB7E5D182519F61F001C943C /* DifferDemo.app */ = {isa = PBXFileReference; explicitFileType = wrapper.application; includeInIndex = 0; path = DifferDemo.app; sourceTree = BUILT_PRODUCTS_DIR; };
		AB7E5D1B2519F61F001C943C /* AppDelegate.swift */ = {isa = PBXFileReference; lastKnownFileType = sourcecode.swift; path = AppDelegate.swift; sourceTree = "<group>"; };
		AB7E5D1D2519F61F001C943C /* SceneDelegate.swift */ = {isa = PBXFileReference; lastKnownFileType = sourcecode.swift; path = SceneDelegate.swift; sourceTree = "<group>"; };
		AB7E5D1F2519F61F001C943C /* ViewController.swift */ = {isa = PBXFileReference; lastKnownFileType = sourcecode.swift; path = ViewController.swift; sourceTree = "<group>"; };
		AB7E5D222519F61F001C943C /* Base */ = {isa = PBXFileReference; lastKnownFileType = file.storyboard; name = Base; path = Base.lproj/Main.storyboard; sourceTree = "<group>"; };
		AB7E5D242519F624001C943C /* Assets.xcassets */ = {isa = PBXFileReference; lastKnownFileType = folder.assetcatalog; path = Assets.xcassets; sourceTree = "<group>"; };
		AB7E5D272519F624001C943C /* Base */ = {isa = PBXFileReference; lastKnownFileType = file.storyboard; name = Base; path = Base.lproj/LaunchScreen.storyboard; sourceTree = "<group>"; };
		AB7E5D292519F624001C943C /* Info.plist */ = {isa = PBXFileReference; lastKnownFileType = text.plist.xml; path = Info.plist; sourceTree = "<group>"; };
		AB7E5D2F2519F6C8001C943C /* original.plist */ = {isa = PBXFileReference; fileEncoding = 4; lastKnownFileType = text.plist.xml; path = original.plist; sourceTree = "<group>"; };
		AB7E5D312519F6CD001C943C /* new.plist */ = {isa = PBXFileReference; fileEncoding = 4; lastKnownFileType = text.plist.xml; path = new.plist; sourceTree = "<group>"; };
/* End PBXFileReference section */

/* Begin PBXFrameworksBuildPhase section */
		AB7E5D152519F61F001C943C /* Frameworks */ = {
			isa = PBXFrameworksBuildPhase;
			buildActionMask = 2147483647;
			files = (
			);
			runOnlyForDeploymentPostprocessing = 0;
		};
/* End PBXFrameworksBuildPhase section */

/* Begin PBXGroup section */
		AB7E5D0F2519F61F001C943C = {
			isa = PBXGroup;
			children = (
				AB7E5D1A2519F61F001C943C /* DifferDemo */,
				AB7E5D192519F61F001C943C /* Products */,
			);
			sourceTree = "<group>";
		};
		AB7E5D192519F61F001C943C /* Products */ = {
			isa = PBXGroup;
			children = (
				AB7E5D182519F61F001C943C /* DifferDemo.app */,
			);
			name = Products;
			sourceTree = "<group>";
		};
		AB7E5D1A2519F61F001C943C /* DifferDemo */ = {
			isa = PBXGroup;
			children = (
				AB7E5D1B2519F61F001C943C /* AppDelegate.swift */,
				AB7E5D1D2519F61F001C943C /* SceneDelegate.swift */,
				AB7E5D1F2519F61F001C943C /* ViewController.swift */,
				AB7E5D2F2519F6C8001C943C /* original.plist */,
				AB7E5D312519F6CD001C943C /* new.plist */,
				AB7E5D212519F61F001C943C /* Main.storyboard */,
				AB7E5D242519F624001C943C /* Assets.xcassets */,
				AB7E5D262519F624001C943C /* LaunchScreen.storyboard */,
				AB7E5D292519F624001C943C /* Info.plist */,
			);
			path = DifferDemo;
			sourceTree = "<group>";
		};
/* End PBXGroup section */

/* Begin PBXNativeTarget section */
		AB7E5D172519F61F001C943C /* DifferDemo */ = {
			isa = PBXNativeTarget;
			buildConfigurationList = AB7E5D2C2519F624001C943C /* Build configuration list for PBXNativeTarget "DifferDemo" */;
			buildPhases = (
				AB7E5D142519F61F001C943C /* Sources */,
				AB7E5D152519F61F001C943C /* Frameworks */,
				AB7E5D162519F61F001C943C /* Resources */,
			);
			buildRules = (
			);
			dependencies = (
			);
			name = DifferDemo;
			productName = DifferDemo;
			productReference = AB7E5D182519F61F001C943C /* DifferDemo.app */;
			productType = "com.apple.product-type.application";
		};
/* End PBXNativeTarget section */

/* Begin PBXProject section */
		AB7E5D102519F61F001C943C /* Project object */ = {
			isa = PBXProject;
			attributes = {
				LastSwiftUpdateCheck = 1170;
				LastUpgradeCheck = 1170;
				ORGANIZATIONNAME = ziyingtech;
				TargetAttributes = {
					AB7E5D172519F61F001C943C = {
						CreatedOnToolsVersion = 11.7;
					};
				};
			};
			buildConfigurationList = AB7E5D132519F61F001C943C /* Build configuration list for PBXProject "DifferDemo" */;
			compatibilityVersion = "Xcode 9.3";
			developmentRegion = en;
			hasScannedForEncodings = 0;
			knownRegions = (
				en,
				Base,
			);
			mainGroup = AB7E5D0F2519F61F001C943C;
			productRefGroup = AB7E5D192519F61F001C943C /* Products */;
			projectDirPath = "";
			projectRoot = "";
			targets = (
				AB7E5D172519F61F001C943C /* DifferDemo */,
			);
		};
/* End PBXProject section */

/* Begin PBXResourcesBuildPhase section */
		AB7E5D162519F61F001C943C /* Resources */ = {
			isa = PBXResourcesBuildPhase;
			buildActionMask = 2147483647;
			files = (
				AB7E5D282519F624001C943C /* LaunchScreen.storyboard in Resources */,
				AB7E5D302519F6C8001C943C /* original.plist in Resources */,
				AB7E5D252519F624001C943C /* Assets.xcassets in Resources */,
				AB7E5D232519F61F001C943C /* Main.storyboard in Resources */,
				AB7E5D322519F6CD001C943C /* new.plist in Resources */,
			);
			runOnlyForDeploymentPostprocessing = 0;
		};
/* End PBXResourcesBuildPhase section */

/* Begin PBXSourcesBuildPhase section */
		AB7E5D142519F61F001C943C /* Sources */ = {
			isa = PBXSourcesBuildPhase;
			buildActionMask = 2147483647;
			files = (
				AB7E5D202519F61F001C943C /* ViewController.swift in Sources */,
				AB7E5D1C2519F61F001C943C /* AppDelegate.swift in Sources */,
				AB7E5D1E2519F61F001C943C /* SceneDelegate.swift in Sources */,
			);
			runOnlyForDeploymentPostprocessing = 0;
		};
/* End PBXSourcesBuildPhase section */

/* Begin PBXVariantGroup section */
		AB7E5D212519F61F001C943C /* Main.storyboard */ = {
			isa = PBXVariantGroup;
			children = (
				AB7E5D222519F61F001C943C /* Base */,
			);
			name = Main.storyboard;
			sourceTree = "<group>";
		};
		AB7E5D262519F624001C943C /* LaunchScreen.storyboard */ = {
			isa = PBXVariantGroup;
			children = (
				AB7E5D272519F624001C943C /* Base */,
			);
			name = LaunchScreen.storyboard;
			sourceTree = "<group>";
		};
/* End PBXVariantGroup section */

/* Begin XCBuildConfiguration section */
		AB7E5D2A2519F624001C943C /* Debug */ = {
			isa = XCBuildConfiguration;
			buildSettings = {
				ALWAYS_SEARCH_USER_PATHS = NO;
				CLANG_ANALYZER_NONNULL = YES;
				CLANG_ANALYZER_NUMBER_OBJECT_CONVERSION = YES_AGGRESSIVE;
				CLANG_CXX_LANGUAGE_STANDARD = "gnu++14";
				CLANG_CXX_LIBRARY = "libc++";
				CLANG_ENABLE_MODULES = YES;
				CLANG_ENABLE_OBJC_ARC = YES;
				CLANG_ENABLE_OBJC_WEAK = YES;
				CLANG_WARN_BLOCK_CAPTURE_AUTORELEASING = YES;
				CLANG_WARN_BOOL_CONVERSION = YES;
				CLANG_WARN_COMMA = YES;
				CLANG_WARN_CONSTANT_CONVERSION = YES;
				CLANG_WARN_DEPRECATED_OBJC_IMPLEMENTATIONS = YES;
				CLANG_WARN_DIRECT_OBJC_ISA_USAGE = YES_ERROR;
				CLANG_WARN_DOCUMENTATION_COMMENTS = YES;
				CLANG_WARN_EMPTY_BODY = YES;
				CLANG_WARN_ENUM_CONVERSION = YES;
				CLANG_WARN_INFINITE_RECURSION = YES;
				CLANG_WARN_INT_CONVERSION = YES;
				CLANG_WARN_NON_LITERAL_NULL_CONVERSION = YES;
				CLANG_WARN_OBJC_IMPLICIT_RETAIN_SELF = YES;
				CLANG_WARN_OBJC_LITERAL_CONVERSION = YES;
				CLANG_WARN_OBJC_ROOT_CLASS = YES_ERROR;
				CLANG_WARN_RANGE_LOOP_ANALYSIS = YES;
				CLANG_WARN_STRICT_PROTOTYPES = YES;
				CLANG_WARN_SUSPICIOUS_MOVE = YES;
				CLANG_WARN_UNGUARDED_AVAILABILITY = YES_AGGRESSIVE;
				CLANG_WARN_UNREACHABLE_CODE = YES;
				CLANG_WARN__DUPLICATE_METHOD_MATCH = YES;
				COPY_PHASE_STRIP = NO;
				DEBUG_INFORMATION_FORMAT = dwarf;
				ENABLE_STRICT_OBJC_MSGSEND = YES;
				ENABLE_TESTABILITY = YES;
				GCC_C_LANGUAGE_STANDARD = gnu11;
				GCC_DYNAMIC_NO_PIC = NO;
				GCC_NO_COMMON_BLOCKS = YES;
				GCC_OPTIMIZATION_LEVEL = 0;
				GCC_PREPROCESSOR_DEFINITIONS = (
					"DEBUG=1",
					"$(inherited)",
				);
				GCC_WARN_64_TO_32_BIT_CONVERSION = YES;
				GCC_WARN_ABOUT_RETURN_TYPE = YES_ERROR;
				GCC_WARN_UNDECLARED_SELECTOR = YES;
				GCC_WARN_UNINITIALIZED_AUTOS = YES_AGGRESSIVE;
				GCC_WARN_UNUSED_FUNCTION = YES;
				GCC_WARN_UNUSED_VARIABLE = YES;
				IPHONEOS_DEPLOYMENT_TARGET = 13.0;
				MTL_ENABLE_DEBUG_INFO = INCLUDE_SOURCE;
				MTL_FAST_MATH = YES;
				ONLY_ACTIVE_ARCH = YES;
				SDKROOT = iphoneos;
				SWIFT_ACTIVE_COMPILATION_CONDITIONS = DEBUG;
				SWIFT_OPTIMIZATION_LEVEL = "-Onone";
			};
			name = Debug;
		};
		AB7E5D2B2519F624001C943C /* Release */ = {
			isa = XCBuildConfiguration;
			buildSettings = {
				ALWAYS_SEARCH_USER_PATHS = NO;
				CLANG_ANALYZER_NONNULL = YES;
				CLANG_ANALYZER_NUMBER_OBJECT_CONVERSION = YES_AGGRESSIVE;
				CLANG_CXX_LANGUAGE_STANDARD = "gnu++14";
				CLANG_CXX_LIBRARY = "libc++";
				CLANG_ENABLE_MODULES = YES;
				CLANG_ENABLE_OBJC_ARC = YES;
				CLANG_ENABLE_OBJC_WEAK = YES;
				CLANG_WARN_BLOCK_CAPTURE_AUTORELEASING = YES;
				CLANG_WARN_BOOL_CONVERSION = YES;
				CLANG_WARN_COMMA = YES;
				CLANG_WARN_CONSTANT_CONVERSION = YES;
				CLANG_WARN_DEPRECATED_OBJC_IMPLEMENTATIONS = YES;
				CLANG_WARN_DIRECT_OBJC_ISA_USAGE = YES_ERROR;
				CLANG_WARN_DOCUMENTATION_COMMENTS = YES;
				CLANG_WARN_EMPTY_BODY = YES;
				CLANG_WARN_ENUM_CONVERSION = YES;
				CLANG_WARN_INFINITE_RECURSION = YES;
				CLANG_WARN_INT_CONVERSION = YES;
				CLANG_WARN_NON_LITERAL_NULL_CONVERSION = YES;
				CLANG_WARN_OBJC_IMPLICIT_RETAIN_SELF = YES;
				CLANG_WARN_OBJC_LITERAL_CONVERSION = YES;
				CLANG_WARN_OBJC_ROOT_CLASS = YES_ERROR;
				CLANG_WARN_RANGE_LOOP_ANALYSIS = YES;
				CLANG_WARN_STRICT_PROTOTYPES = YES;
				CLANG_WARN_SUSPICIOUS_MOVE = YES;
				CLANG_WARN_UNGUARDED_AVAILABILITY = YES_AGGRESSIVE;
				CLANG_WARN_UNREACHABLE_CODE = YES;
				CLANG_WARN__DUPLICATE_METHOD_MATCH = YES;
				COPY_PHASE_STRIP = NO;
				DEBUG_INFORMATION_FORMAT = "dwarf-with-dsym";
				ENABLE_NS_ASSERTIONS = NO;
				ENABLE_STRICT_OBJC_MSGSEND = YES;
				GCC_C_LANGUAGE_STANDARD = gnu11;
				GCC_NO_COMMON_BLOCKS = YES;
				GCC_WARN_64_TO_32_BIT_CONVERSION = YES;
				GCC_WARN_ABOUT_RETURN_TYPE = YES_ERROR;
				GCC_WARN_UNDECLARED_SELECTOR = YES;
				GCC_WARN_UNINITIALIZED_AUTOS = YES_AGGRESSIVE;
				GCC_WARN_UNUSED_FUNCTION = YES;
				GCC_WARN_UNUSED_VARIABLE = YES;
				IPHONEOS_DEPLOYMENT_TARGET = 13.0;
				MTL_ENABLE_DEBUG_INFO = NO;
				MTL_FAST_MATH = YES;
				SDKROOT = iphoneos;
				SWIFT_COMPILATION_MODE = wholemodule;
				SWIFT_OPTIMIZATION_LEVEL = "-O";
				VALIDATE_PRODUCT = YES;
			};
			name = Release;
		};
		AB7E5D2D2519F624001C943C /* Debug */ = {
			isa = XCBuildConfiguration;
			buildSettings = {
				ASSETCATALOG_COMPILER_APPICON_NAME = AppIcon;
				CODE_SIGN_STYLE = Automatic;
				DEVELOPMENT_TEAM = 2LF694Y87U;
				INFOPLIST_FILE = DifferDemo/Info.plist;
				LD_RUNPATH_SEARCH_PATHS = (
					"$(inherited)",
					"@executable_path/Frameworks",
				);
				PRODUCT_BUNDLE_IDENTIFIER = com.ziyingtech.DifferDemo;
				PRODUCT_NAME = "$(TARGET_NAME)";
				SWIFT_VERSION = 5.0;
				TARGETED_DEVICE_FAMILY = "1,2";
			};
			name = Debug;
		};
		AB7E5D2E2519F624001C943C /* Release */ = {
			isa = XCBuildConfiguration;
			buildSettings = {
				ASSETCATALOG_COMPILER_APPICON_NAME = AppIcon;
				CODE_SIGN_STYLE = Automatic;
				DEVELOPMENT_TEAM = 2LF694Y87U;
				INFOPLIST_FILE = DifferDemo/Info.plist;
				LD_RUNPATH_SEARCH_PATHS = (
					"$(inherited)",
					"@executable_path/Frameworks",
				);
				PRODUCT_BUNDLE_IDENTIFIER = com.ziyingtech.DifferDemo;
				PRODUCT_NAME = "$(TARGET_NAME)";
				SWIFT_VERSION = 5.0;
				TARGETED_DEVICE_FAMILY = "1,2";
			};
			name = Release;
		};
/* End XCBuildConfiguration section */

/* Begin XCConfigurationList section */
		AB7E5D132519F61F001C943C /* Build configuration list for PBXProject "DifferDemo" */ = {
			isa = XCConfigurationList;
			buildConfigurations = (
				AB7E5D2A2519F624001C943C /* Debug */,
				AB7E5D2B2519F624001C943C /* Release */,
			);
			defaultConfigurationIsVisible = 0;
			defaultConfigurationName = Release;
		};
		AB7E5D2C2519F624001C943C /* Build configuration list for PBXNativeTarget "DifferDemo" */ = {
			isa = XCConfigurationList;
			buildConfigurations = (
				AB7E5D2D2519F624001C943C /* Debug */,
				AB7E5D2E2519F624001C943C /* Release */,
			);
			defaultConfigurationIsVisible = 0;
			defaultConfigurationName = Release;
		};
/* End XCConfigurationList section */
	};
	rootObject = AB7E5D102519F61F001C943C /* Project object */;
}
